
Microsoft Visual Studio Solution File, Format Version 12.00
# Visual Studio Version 17
VisualStudioVersion = 17.5.33502.453
MinimumVisualStudioVersion = 10.0.40219.1
Project("{FAE04EC0-301F-11D3-BF4B-00C04F79EFBC}") = "Buttler.API", "Buttler\Buttler.API.csproj", "{9BB610C4-D992-4C38-A090-DD61AA21279F}"
EndProject
Project("{FAE04EC0-301F-11D3-BF4B-00C04F79EFBC}") = "Domain", "Domain\Domain.csproj", "{37162E01-3286-4DF2-90DD-2CB96ED62AB4}"
EndProject
Project("{FAE04EC0-301F-11D3-BF4B-00C04F79EFBC}") = "Buttler.Application", "Buttler.Application\Buttler.Application.csproj", "{477BF953-2E01-4C84-819E-2A4A7E1C4D58}"
EndProject
Global
	GlobalSection(SolutionConfigurationPlatforms) = preSolution
		Debug|Any CPU = Debug|Any CPU
		Release|Any CPU = Release|Any CPU
	EndGlobalSection
	GlobalSection(ProjectConfigurationPlatforms) = postSolution
		{9BB610C4-D992-4C38-A090-DD61AA21279F}.Debug|Any CPU.ActiveCfg = Debug|Any CPU
		{9BB610C4-D992-4C38-A090-DD61AA21279F}.Debug|Any CPU.Build.0 = Debug|Any CPU
		{9BB610C4-D992-4C38-A090-DD61AA21279F}.Release|Any CPU.ActiveCfg = Release|Any CPU
		{9BB610C4-D992-4C38-A090-DD61AA21279F}.Release|Any CPU.Build.0 = Release|Any CPU
		{37162E01-3286-4DF2-90DD-2CB96ED62AB4}.Debug|Any CPU.ActiveCfg = Debug|Any CPU
		{37162E01-3286-4DF2-90DD-2CB96ED62AB4}.Debug|Any CPU.Build.0 = Debug|Any CPU
		{37162E01-3286-4DF2-90DD-2CB96ED62AB4}.Release|Any CPU.ActiveCfg = Release|Any CPU
		{37162E01-3286-4DF2-90DD-2CB96ED62AB4}.Release|Any CPU.Build.0 = Release|Any CPU
		{477BF953-2E01-4C84-819E-2A4A7E1C4D58}.Debug|Any CPU.ActiveCfg = Debug|Any CPU
		{477BF953-2E01-4C84-819E-2A4A7E1C4D58}.Debug|Any CPU.Build.0 = Debug|Any CPU
		{477BF953-2E01-4C84-819E-2A4A7E1C4D58}.Release|Any CPU.ActiveCfg = Release|Any CPU
		{477BF953-2E01-4C84-819E-2A4A7E1C4D58}.Release|Any CPU.Build.0 = Release|Any CPU
	EndGlobalSection
	GlobalSection(SolutionProperties) = preSolution
		HideSolutionNode = FALSE
	EndGlobalSection
	GlobalSection(ExtensibilityGlobals) = postSolution
		SolutionGuid = {49CE50B0-4865-45DB-9196-EA3780270AA4}
	EndGlobalSection
EndGlobal
